# This file is automatically @generated by Cargo.
# It is not intended for manual editing.
version = 4

[[package]]
name = "source"
version = "0.1.0"
source = "git+ssh://git@github.com/SpekalsG3/repo-source.git?branch=main#83facd6191370e37f58150c65e06ff5c7058a805"

[[package]]
name = "user"
version = "0.1.0"
dependencies = [
 "source",
]
