# This file is automatically @generated by Cargo.
# It is not intended for manual editing.
version = 4

[[package]]
name = "source"
version = "0.1.0"
source = "git+ssh://git@github.com/SpekalsG3/repo-source.git?branch=main#e53cce90a9f4a6b22a591604aef2ef97c09f8791"

[[package]]
name = "user"
version = "0.1.0"
dependencies = [
 "source",
]
