# This file is automatically @generated by Cargo.
# It is not intended for manual editing.
version = 4

[[package]]
name = "source"
version = "0.1.0"
source = "git+ssh://git@github.com/SpekalsG3/repo-source.git?branch=main#9e09942368f9ba7effecb5e62f0b691b9f2baee6"

[[package]]
name = "user"
version = "0.1.0"
dependencies = [
 "source",
]
